// !$*UTF8*$!
{
	archiveVersion = 1;
	classes = {
	};
	objectVersion = 46;
	objects = {

/* Begin PBXBuildFile section */
		7E132C351F0E362F00B6D97A /* NavigationViewController.m in Sources */ = {isa = PBXBuildFile; fileRef = 7E132C341F0E362F00B6D97A /* NavigationViewController.m */; };
		7E77BACD1F0CCBD600DAE7D8 /* main.m in Sources */ = {isa = PBXBuildFile; fileRef = 7E77BACC1F0CCBD600DAE7D8 /* main.m */; };
		7E77BAD01F0CCBD600DAE7D8 /* AppDelegate.m in Sources */ = {isa = PBXBuildFile; fileRef = 7E77BACF1F0CCBD600DAE7D8 /* AppDelegate.m */; };
		7E77BAD31F0CCBD600DAE7D8 /* ViewController.m in Sources */ = {isa = PBXBuildFile; fileRef = 7E77BAD21F0CCBD600DAE7D8 /* ViewController.m */; };
		7E77BAD61F0CCBD600DAE7D8 /* Main.storyboard in Resources */ = {isa = PBXBuildFile; fileRef = 7E77BAD41F0CCBD600DAE7D8 /* Main.storyboard */; };
		7E77BAD81F0CCBD600DAE7D8 /* Assets.xcassets in Resources */ = {isa = PBXBuildFile; fileRef = 7E77BAD71F0CCBD600DAE7D8 /* Assets.xcassets */; };
		7E77BADB1F0CCBD600DAE7D8 /* LaunchScreen.storyboard in Resources */ = {isa = PBXBuildFile; fileRef = 7E77BAD91F0CCBD600DAE7D8 /* LaunchScreen.storyboard */; };
		7E77BAE61F0CCBD600DAE7D8 /* WYGColorChangeTests.m in Sources */ = {isa = PBXBuildFile; fileRef = 7E77BAE51F0CCBD600DAE7D8 /* WYGColorChangeTests.m */; };
		7E77BAF11F0CCBD600DAE7D8 /* WYGColorChangeUITests.m in Sources */ = {isa = PBXBuildFile; fileRef = 7E77BAF01F0CCBD600DAE7D8 /* WYGColorChangeUITests.m */; };
		7E77BB001F0CCC1F00DAE7D8 /* WYGGradualChangeView.m in Sources */ = {isa = PBXBuildFile; fileRef = 7E77BAFF1F0CCC1F00DAE7D8 /* WYGGradualChangeView.m */; };
		7E77BB041F0CDE8700DAE7D8 /* UIView+addGradualLayer.m in Sources */ = {isa = PBXBuildFile; fileRef = 7E77BB031F0CDE8700DAE7D8 /* UIView+addGradualLayer.m */; };
/* End PBXBuildFile section */

/* Begin PBXContainerItemProxy section */
		7E77BAE21F0CCBD600DAE7D8 /* PBXContainerItemProxy */ = {
			isa = PBXContainerItemProxy;
			containerPortal = 7E77BAC01F0CCBD600DAE7D8 /* Project object */;
			proxyType = 1;
			remoteGlobalIDString = 7E77BAC71F0CCBD600DAE7D8;
			remoteInfo = WYGColorChange;
		};
		7E77BAED1F0CCBD600DAE7D8 /* PBXContainerItemProxy */ = {
			isa = PBXContainerItemProxy;
			containerPortal = 7E77BAC01F0CCBD600DAE7D8 /* Project object */;
			proxyType = 1;
			remoteGlobalIDString = 7E77BAC71F0CCBD600DAE7D8;
			remoteInfo = WYGColorChange;
		};
/* End PBXContainerItemProxy section */

/* Begin PBXFileReference section */
		7E132C331F0E362F00B6D97A /* NavigationViewController.h */ = {isa = PBXFileReference; fileEncoding = 4; lastKnownFileType = sourcecode.c.h; path = NavigationViewController.h; sourceTree = "<group>"; };
		7E132C341F0E362F00B6D97A /* NavigationViewController.m */ = {isa = PBXFileReference; fileEncoding = 4; lastKnownFileType = sourcecode.c.objc; path = NavigationViewController.m; sourceTree = "<group>"; };
		7E77BAC81F0CCBD600DAE7D8 /* WYGColorChange.app */ = {isa = PBXFileReference; explicitFileType = wrapper.application; includeInIndex = 0; path = WYGColorChange.app; sourceTree = BUILT_PRODUCTS_DIR; };
		7E77BACC1F0CCBD600DAE7D8 /* main.m */ = {isa = PBXFileReference; lastKnownFileType = sourcecode.c.objc; path = main.m; sourceTree = "<group>"; };
		7E77BACE1F0CCBD600DAE7D8 /* AppDelegate.h */ = {isa = PBXFileReference; lastKnownFileType = sourcecode.c.h; path = AppDelegate.h; sourceTree = "<group>"; };
		7E77BACF1F0CCBD600DAE7D8 /* AppDelegate.m */ = {isa = PBXFileReference; lastKnownFileType = sourcecode.c.objc; path = AppDelegate.m; sourceTree = "<group>"; };
		7E77BAD11F0CCBD600DAE7D8 /* ViewController.h */ = {isa = PBXFileReference; lastKnownFileType = sourcecode.c.h; path = ViewController.h; sourceTree = "<group>"; };
		7E77BAD21F0CCBD600DAE7D8 /* ViewController.m */ = {isa = PBXFileReference; lastKnownFileType = sourcecode.c.objc; path = ViewController.m; sourceTree = "<group>"; };
		7E77BAD51F0CCBD600DAE7D8 /* Base */ = {isa = PBXFileReference; lastKnownFileType = file.storyboard; name = Base; path = Base.lproj/Main.storyboard; sourceTree = "<group>"; };
		7E77BAD71F0CCBD600DAE7D8 /* Assets.xcassets */ = {isa = PBXFileReference; lastKnownFileType = folder.assetcatalog; path = Assets.xcassets; sourceTree = "<group>"; };
		7E77BADA1F0CCBD600DAE7D8 /* Base */ = {isa = PBXFileReference; lastKnownFileType = file.storyboard; name = Base; path = Base.lproj/LaunchScreen.storyboard; sourceTree = "<group>"; };
		7E77BADC1F0CCBD600DAE7D8 /* Info.plist */ = {isa = PBXFileReference; lastKnownFileType = text.plist.xml; path = Info.plist; sourceTree = "<group>"; };
		7E77BAE11F0CCBD600DAE7D8 /* WYGColorChangeTests.xctest */ = {isa = PBXFileReference; explicitFileType = wrapper.cfbundle; includeInIndex = 0; path = WYGColorChangeTests.xctest; sourceTree = BUILT_PRODUCTS_DIR; };
		7E77BAE51F0CCBD600DAE7D8 /* WYGColorChangeTests.m */ = {isa = PBXFileReference; lastKnownFileType = sourcecode.c.objc; path = WYGColorChangeTests.m; sourceTree = "<group>"; };
		7E77BAE71F0CCBD600DAE7D8 /* Info.plist */ = {isa = PBXFileReference; lastKnownFileType = text.plist.xml; path = Info.plist; sourceTree = "<group>"; };
		7E77BAEC1F0CCBD600DAE7D8 /* WYGColorChangeUITests.xctest */ = {isa = PBXFileReference; explicitFileType = wrapper.cfbundle; includeInIndex = 0; path = WYGColorChangeUITests.xctest; sourceTree = BUILT_PRODUCTS_DIR; };
		7E77BAF01F0CCBD600DAE7D8 /* WYGColorChangeUITests.m */ = {isa = PBXFileReference; lastKnownFileType = sourcecode.c.objc; path = WYGColorChangeUITests.m; sourceTree = "<group>"; };
		7E77BAF21F0CCBD600DAE7D8 /* Info.plist */ = {isa = PBXFileReference; lastKnownFileType = text.plist.xml; path = Info.plist; sourceTree = "<group>"; };
		7E77BAFE1F0CCC1F00DAE7D8 /* WYGGradualChangeView.h */ = {isa = PBXFileReference; fileEncoding = 4; lastKnownFileType = sourcecode.c.h; path = WYGGradualChangeView.h; sourceTree = "<group>"; };
		7E77BAFF1F0CCC1F00DAE7D8 /* WYGGradualChangeView.m */ = {isa = PBXFileReference; fileEncoding = 4; lastKnownFileType = sourcecode.c.objc; path = WYGGradualChangeView.m; sourceTree = "<group>"; };
		7E77BB021F0CDE8700DAE7D8 /* UIView+addGradualLayer.h */ = {isa = PBXFileReference; fileEncoding = 4; lastKnownFileType = sourcecode.c.h; path = "UIView+addGradualLayer.h"; sourceTree = "<group>"; };
		7E77BB031F0CDE8700DAE7D8 /* UIView+addGradualLayer.m */ = {isa = PBXFileReference; fileEncoding = 4; lastKnownFileType = sourcecode.c.objc; path = "UIView+addGradualLayer.m"; sourceTree = "<group>"; };
/* End PBXFileReference section */

/* Begin PBXFrameworksBuildPhase section */
		7E77BAC51F0CCBD600DAE7D8 /* Frameworks */ = {
			isa = PBXFrameworksBuildPhase;
			buildActionMask = 2147483647;
			files = (
			);
			runOnlyForDeploymentPostprocessing = 0;
		};
		7E77BADE1F0CCBD600DAE7D8 /* Frameworks */ = {
			isa = PBXFrameworksBuildPhase;
			buildActionMask = 2147483647;
			files = (
			);
			runOnlyForDeploymentPostprocessing = 0;
		};
		7E77BAE91F0CCBD600DAE7D8 /* Frameworks */ = {
			isa = PBXFrameworksBuildPhase;
			buildActionMask = 2147483647;
			files = (
			);
			runOnlyForDeploymentPostprocessing = 0;
		};
/* End PBXFrameworksBuildPhase section */

/* Begin PBXGroup section */
		7E77BABF1F0CCBD600DAE7D8 = {
			isa = PBXGroup;
			children = (
				7E77BB021F0CDE8700DAE7D8 /* UIView+addGradualLayer.h */,
				7E77BB031F0CDE8700DAE7D8 /* UIView+addGradualLayer.m */,
				7E77BACA1F0CCBD600DAE7D8 /* WYGColorChange */,
				7E77BAE41F0CCBD600DAE7D8 /* WYGColorChangeTests */,
				7E77BAEF1F0CCBD600DAE7D8 /* WYGColorChangeUITests */,
				7E77BAC91F0CCBD600DAE7D8 /* Products */,
			);
			sourceTree = "<group>";
		};
		7E77BAC91F0CCBD600DAE7D8 /* Products */ = {
			isa = PBXGroup;
			children = (
				7E77BAC81F0CCBD600DAE7D8 /* WYGColorChange.app */,
				7E77BAE11F0CCBD600DAE7D8 /* WYGColorChangeTests.xctest */,
				7E77BAEC1F0CCBD600DAE7D8 /* WYGColorChangeUITests.xctest */,
			);
			name = Products;
			sourceTree = "<group>";
		};
		7E77BACA1F0CCBD600DAE7D8 /* WYGColorChange */ = {
			isa = PBXGroup;
			children = (
				7E77BACE1F0CCBD600DAE7D8 /* AppDelegate.h */,
				7E77BACF1F0CCBD600DAE7D8 /* AppDelegate.m */,
				7E77BAD11F0CCBD600DAE7D8 /* ViewController.h */,
				7E77BAD21F0CCBD600DAE7D8 /* ViewController.m */,
				7E132C331F0E362F00B6D97A /* NavigationViewController.h */,
				7E132C341F0E362F00B6D97A /* NavigationViewController.m */,
				7E77BAFE1F0CCC1F00DAE7D8 /* WYGGradualChangeView.h */,
				7E77BAFF1F0CCC1F00DAE7D8 /* WYGGradualChangeView.m */,
				7E77BAD41F0CCBD600DAE7D8 /* Main.storyboard */,
				7E77BAD71F0CCBD600DAE7D8 /* Assets.xcassets */,
				7E77BAD91F0CCBD600DAE7D8 /* LaunchScreen.storyboard */,
				7E77BADC1F0CCBD600DAE7D8 /* Info.plist */,
				7E77BACB1F0CCBD600DAE7D8 /* Supporting Files */,
			);
			path = WYGColorChange;
			sourceTree = "<group>";
		};
		7E77BACB1F0CCBD600DAE7D8 /* Supporting Files */ = {
			isa = PBXGroup;
			children = (
				7E77BACC1F0CCBD600DAE7D8 /* main.m */,
			);
			name = "Supporting Files";
			sourceTree = "<group>";
		};
		7E77BAE41F0CCBD600DAE7D8 /* WYGColorChangeTests */ = {
			isa = PBXGroup;
			children = (
				7E77BAE51F0CCBD600DAE7D8 /* WYGColorChangeTests.m */,
				7E77BAE71F0CCBD600DAE7D8 /* Info.plist */,
			);
			path = WYGColorChangeTests;
			sourceTree = "<group>";
		};
		7E77BAEF1F0CCBD600DAE7D8 /* WYGColorChangeUITests */ = {
			isa = PBXGroup;
			children = (
				7E77BAF01F0CCBD600DAE7D8 /* WYGColorChangeUITests.m */,
				7E77BAF21F0CCBD600DAE7D8 /* Info.plist */,
			);
			path = WYGColorChangeUITests;
			sourceTree = "<group>";
		};
/* End PBXGroup section */

/* Begin PBXNativeTarget section */
		7E77BAC71F0CCBD600DAE7D8 /* WYGColorChange */ = {
			isa = PBXNativeTarget;
			buildConfigurationList = 7E77BAF51F0CCBD600DAE7D8 /* Build configuration list for PBXNativeTarget "WYGColorChange" */;
			buildPhases = (
				7E77BAC41F0CCBD600DAE7D8 /* Sources */,
				7E77BAC51F0CCBD600DAE7D8 /* Frameworks */,
				7E77BAC61F0CCBD600DAE7D8 /* Resources */,
			);
			buildRules = (
			);
			dependencies = (
			);
			name = WYGColorChange;
			productName = WYGColorChange;
			productReference = 7E77BAC81F0CCBD600DAE7D8 /* WYGColorChange.app */;
			productType = "com.apple.product-type.application";
		};
		7E77BAE01F0CCBD600DAE7D8 /* WYGColorChangeTests */ = {
			isa = PBXNativeTarget;
			buildConfigurationList = 7E77BAF81F0CCBD600DAE7D8 /* Build configuration list for PBXNativeTarget "WYGColorChangeTests" */;
			buildPhases = (
				7E77BADD1F0CCBD600DAE7D8 /* Sources */,
				7E77BADE1F0CCBD600DAE7D8 /* Frameworks */,
				7E77BADF1F0CCBD600DAE7D8 /* Resources */,
			);
			buildRules = (
			);
			dependencies = (
				7E77BAE31F0CCBD600DAE7D8 /* PBXTargetDependency */,
			);
			name = WYGColorChangeTests;
			productName = WYGColorChangeTests;
			productReference = 7E77BAE11F0CCBD600DAE7D8 /* WYGColorChangeTests.xctest */;
			productType = "com.apple.product-type.bundle.unit-test";
		};
		7E77BAEB1F0CCBD600DAE7D8 /* WYGColorChangeUITests */ = {
			isa = PBXNativeTarget;
			buildConfigurationList = 7E77BAFB1F0CCBD600DAE7D8 /* Build configuration list for PBXNativeTarget "WYGColorChangeUITests" */;
			buildPhases = (
				7E77BAE81F0CCBD600DAE7D8 /* Sources */,
				7E77BAE91F0CCBD600DAE7D8 /* Frameworks */,
				7E77BAEA1F0CCBD600DAE7D8 /* Resources */,
			);
			buildRules = (
			);
			dependencies = (
				7E77BAEE1F0CCBD600DAE7D8 /* PBXTargetDependency */,
			);
			name = WYGColorChangeUITests;
			productName = WYGColorChangeUITests;
			productReference = 7E77BAEC1F0CCBD600DAE7D8 /* WYGColorChangeUITests.xctest */;
			productType = "com.apple.product-type.bundle.ui-testing";
		};
/* End PBXNativeTarget section */

/* Begin PBXProject section */
		7E77BAC01F0CCBD600DAE7D8 /* Project object */ = {
			isa = PBXProject;
			attributes = {
				LastUpgradeCheck = 0830;
				ORGANIZATIONNAME = agon;
				TargetAttributes = {
					7E77BAC71F0CCBD600DAE7D8 = {
						CreatedOnToolsVersion = 8.3.3;
						DevelopmentTeam = Y5LKNM9758;
						ProvisioningStyle = Automatic;
					};
					7E77BAE01F0CCBD600DAE7D8 = {
						CreatedOnToolsVersion = 8.3.3;
						DevelopmentTeam = Y5LKNM9758;
						ProvisioningStyle = Automatic;
						TestTargetID = 7E77BAC71F0CCBD600DAE7D8;
					};
					7E77BAEB1F0CCBD600DAE7D8 = {
						CreatedOnToolsVersion = 8.3.3;
						DevelopmentTeam = Y5LKNM9758;
						ProvisioningStyle = Automatic;
						TestTargetID = 7E77BAC71F0CCBD600DAE7D8;
					};
				};
			};
			buildConfigurationList = 7E77BAC31F0CCBD600DAE7D8 /* Build configuration list for PBXProject "WYGColorChange" */;
			compatibilityVersion = "Xcode 3.2";
			developmentRegion = English;
			hasScannedForEncodings = 0;
			knownRegions = (
				en,
				Base,
			);
			mainGroup = 7E77BABF1F0CCBD600DAE7D8;
			productRefGroup = 7E77BAC91F0CCBD600DAE7D8 /* Products */;
			projectDirPath = "";
			projectRoot = "";
			targets = (
				7E77BAC71F0CCBD600DAE7D8 /* WYGColorChange */,
				7E77BAE01F0CCBD600DAE7D8 /* WYGColorChangeTests */,
				7E77BAEB1F0CCBD600DAE7D8 /* WYGColorChangeUITests */,
			);
		};
/* End PBXProject section */

/* Begin PBXResourcesBuildPhase section */
		7E77BAC61F0CCBD600DAE7D8 /* Resources */ = {
			isa = PBXResourcesBuildPhase;
			buildActionMask = 2147483647;
			files = (
				7E77BADB1F0CCBD600DAE7D8 /* LaunchScreen.storyboard in Resources */,
				7E77BAD81F0CCBD600DAE7D8 /* Assets.xcassets in Resources */,
				7E77BAD61F0CCBD600DAE7D8 /* Main.storyboard in Resources */,
			);
			runOnlyForDeploymentPostprocessing = 0;
		};
		7E77BADF1F0CCBD600DAE7D8 /* Resources */ = {
			isa = PBXResourcesBuildPhase;
			buildActionMask = 2147483647;
			files = (
			);
			runOnlyForDeploymentPostprocessing = 0;
		};
		7E77BAEA1F0CCBD600DAE7D8 /* Resources */ = {
			isa = PBXResourcesBuildPhase;
			buildActionMask = 2147483647;
			files = (
			);
			runOnlyForDeploymentPostprocessing = 0;
		};
/* End PBXResourcesBuildPhase section */

/* Begin PBXSourcesBuildPhase section */
		7E77BAC41F0CCBD600DAE7D8 /* Sources */ = {
			isa = PBXSourcesBuildPhase;
			buildActionMask = 2147483647;
			files = (
				7E77BB041F0CDE8700DAE7D8 /* UIView+addGradualLayer.m in Sources */,
				7E77BAD31F0CCBD600DAE7D8 /* ViewController.m in Sources */,
				7E132C351F0E362F00B6D97A /* NavigationViewController.m in Sources */,
				7E77BB001F0CCC1F00DAE7D8 /* WYGGradualChangeView.m in Sources */,
				7E77BAD01F0CCBD600DAE7D8 /* AppDelegate.m in Sources */,
				7E77BACD1F0CCBD600DAE7D8 /* main.m in Sources */,
			);
			runOnlyForDeploymentPostprocessing = 0;
		};
		7E77BADD1F0CCBD600DAE7D8 /* Sources */ = {
			isa = PBXSourcesBuildPhase;
			buildActionMask = 2147483647;
			files = (
				7E77BAE61F0CCBD600DAE7D8 /* WYGColorChangeTests.m in Sources */,
			);
			runOnlyForDeploymentPostprocessing = 0;
		};
		7E77BAE81F0CCBD600DAE7D8 /* Sources */ = {
			isa = PBXSourcesBuildPhase;
			buildActionMask = 2147483647;
			files = (
				7E77BAF11F0CCBD600DAE7D8 /* WYGColorChangeUITests.m in Sources */,
			);
			runOnlyForDeploymentPostprocessing = 0;
		};
/* End PBXSourcesBuildPhase section */

/* Begin PBXTargetDependency section */
		7E77BAE31F0CCBD600DAE7D8 /* PBXTargetDependency */ = {
			isa = PBXTargetDependency;
			target = 7E77BAC71F0CCBD600DAE7D8 /* WYGColorChange */;
			targetProxy = 7E77BAE21F0CCBD600DAE7D8 /* PBXContainerItemProxy */;
		};
		7E77BAEE1F0CCBD600DAE7D8 /* PBXTargetDependency */ = {
			isa = PBXTargetDependency;
			target = 7E77BAC71F0CCBD600DAE7D8 /* WYGColorChange */;
			targetProxy = 7E77BAED1F0CCBD600DAE7D8 /* PBXContainerItemProxy */;
		};
/* End PBXTargetDependency section */

/* Begin PBXVariantGroup section */
		7E77BAD41F0CCBD600DAE7D8 /* Main.storyboard */ = {
			isa = PBXVariantGroup;
			children = (
				7E77BAD51F0CCBD600DAE7D8 /* Base */,
			);
			name = Main.storyboard;
			sourceTree = "<group>";
		};
		7E77BAD91F0CCBD600DAE7D8 /* LaunchScreen.storyboard */ = {
			isa = PBXVariantGroup;
			children = (
				7E77BADA1F0CCBD600DAE7D8 /* Base */,
			);
			name = LaunchScreen.storyboard;
			sourceTree = "<group>";
		};
/* End PBXVariantGroup section */

/* Begin XCBuildConfiguration section */
		7E77BAF31F0CCBD600DAE7D8 /* Debug */ = {
			isa = XCBuildConfiguration;
			buildSettings = {
				ALWAYS_SEARCH_USER_PATHS = NO;
				CLANG_ANALYZER_NONNULL = YES;
				CLANG_ANALYZER_NUMBER_OBJECT_CONVERSION = YES_AGGRESSIVE;
				CLANG_CXX_LANGUAGE_STANDARD = "gnu++0x";
				CLANG_CXX_LIBRARY = "libc++";
				CLANG_ENABLE_MODULES = YES;
				CLANG_ENABLE_OBJC_ARC = YES;
				CLANG_WARN_BOOL_CONVERSION = YES;
				CLANG_WARN_CONSTANT_CONVERSION = YES;
				CLANG_WARN_DIRECT_OBJC_ISA_USAGE = YES_ERROR;
				CLANG_WARN_DOCUMENTATION_COMMENTS = YES;
				CLANG_WARN_EMPTY_BODY = YES;
				CLANG_WARN_ENUM_CONVERSION = YES;
				CLANG_WARN_INFINITE_RECURSION = YES;
				CLANG_WARN_INT_CONVERSION = YES;
				CLANG_WARN_OBJC_ROOT_CLASS = YES_ERROR;
				CLANG_WARN_SUSPICIOUS_MOVE = YES;
				CLANG_WARN_UNREACHABLE_CODE = YES;
				CLANG_WARN__DUPLICATE_METHOD_MATCH = YES;
				"CODE_SIGN_IDENTITY[sdk=iphoneos*]" = "iPhone Developer";
				COPY_PHASE_STRIP = NO;
				DEBUG_INFORMATION_FORMAT = dwarf;
				ENABLE_STRICT_OBJC_MSGSEND = YES;
				ENABLE_TESTABILITY = YES;
				GCC_C_LANGUAGE_STANDARD = gnu99;
				GCC_DYNAMIC_NO_PIC = NO;
				GCC_NO_COMMON_BLOCKS = YES;
				GCC_OPTIMIZATION_LEVEL = 0;
				GCC_PREPROCESSOR_DEFINITIONS = (
					"DEBUG=1",
					"$(inherited)",
				);
				GCC_WARN_64_TO_32_BIT_CONVERSION = YES;
				GCC_WARN_ABOUT_RETURN_TYPE = YES_ERROR;
				GCC_WARN_UNDECLARED_SELECTOR = YES;
				GCC_WARN_UNINITIALIZED_AUTOS = YES_AGGRESSIVE;
				GCC_WARN_UNUSED_FUNCTION = YES;
				GCC_WARN_UNUSED_VARIABLE = YES;
				IPHONEOS_DEPLOYMENT_TARGET = 10.3;
				MTL_ENABLE_DEBUG_INFO = YES;
				ONLY_ACTIVE_ARCH = YES;
				SDKROOT = iphoneos;
				TARGETED_DEVICE_FAMILY = "1,2";
			};
			name = Debug;
		};
		7E77BAF41F0CCBD600DAE7D8 /* Release */ = {
			isa = XCBuildConfiguration;
			buildSettings = {
				ALWAYS_SEARCH_USER_PATHS = NO;
				CLANG_ANALYZER_NONNULL = YES;
				CLANG_ANALYZER_NUMBER_OBJECT_CONVERSION = YES_AGGRESSIVE;
				CLANG_CXX_LANGUAGE_STANDARD = "gnu++0x";
				CLANG_CXX_LIBRARY = "libc++";
				CLANG_ENABLE_MODULES = YES;
				CLANG_ENABLE_OBJC_ARC = YES;
				CLANG_WARN_BOOL_CONVERSION = YES;
				CLANG_WARN_CONSTANT_CONVERSION = YES;
				CLANG_WARN_DIRECT_OBJC_ISA_USAGE = YES_ERROR;
				CLANG_WARN_DOCUMENTATION_COMMENTS = YES;
				CLANG_WARN_EMPTY_BODY = YES;
				CLANG_WARN_ENUM_CONVERSION = YES;
				CLANG_WARN_INFINITE_RECURSION = YES;
				CLANG_WARN_INT_CONVERSION = YES;
				CLANG_WARN_OBJC_ROOT_CLASS = YES_ERROR;
				CLANG_WARN_SUSPICIOUS_MOVE = YES;
				CLANG_WARN_UNREACHABLE_CODE = YES;
				CLANG_WARN__DUPLICATE_METHOD_MATCH = YES;
				"CODE_SIGN_IDENTITY[sdk=iphoneos*]" = "iPhone Developer";
				COPY_PHASE_STRIP = NO;
				DEBUG_INFORMATION_FORMAT = "dwarf-with-dsym";
				ENABLE_NS_ASSERTIONS = NO;
				ENABLE_STRICT_OBJC_MSGSEND = YES;
				GCC_C_LANGUAGE_STANDARD = gnu99;
				GCC_NO_COMMON_BLOCKS = YES;
				GCC_WARN_64_TO_32_BIT_CONVERSION = YES;
				GCC_WARN_ABOUT_RETURN_TYPE = YES_ERROR;
				GCC_WARN_UNDECLARED_SELECTOR = YES;
				GCC_WARN_UNINITIALIZED_AUTOS = YES_AGGRESSIVE;
				GCC_WARN_UNUSED_FUNCTION = YES;
				GCC_WARN_UNUSED_VARIABLE = YES;
				IPHONEOS_DEPLOYMENT_TARGET = 10.3;
				MTL_ENABLE_DEBUG_INFO = NO;
				SDKROOT = iphoneos;
				TARGETED_DEVICE_FAMILY = "1,2";
				VALIDATE_PRODUCT = YES;
			};
			name = Release;
		};
		7E77BAF61F0CCBD600DAE7D8 /* Debug */ = {
			isa = XCBuildConfiguration;
			buildSettings = {
				ASSETCATALOG_COMPILER_APPICON_NAME = AppIcon;
				DEVELOPMENT_TEAM = Y5LKNM9758;
				INFOPLIST_FILE = WYGColorChange/Info.plist;
				LD_RUNPATH_SEARCH_PATHS = "$(inherited) @executable_path/Frameworks";
				PRODUCT_BUNDLE_IDENTIFIER = com.aabox.WYGColorChange;
				PRODUCT_NAME = "$(TARGET_NAME)";
			};
			name = Debug;
		};
		7E77BAF71F0CCBD600DAE7D8 /* Release */ = {
			isa = XCBuildConfiguration;
			buildSettings = {
				ASSETCATALOG_COMPILER_APPICON_NAME = AppIcon;
				DEVELOPMENT_TEAM = Y5LKNM9758;
				INFOPLIST_FILE = WYGColorChange/Info.plist;
				LD_RUNPATH_SEARCH_PATHS = "$(inherited) @executable_path/Frameworks";
				PRODUCT_BUNDLE_IDENTIFIER = com.aabox.WYGColorChange;
				PRODUCT_NAME = "$(TARGET_NAME)";
			};
			name = Release;
		};
		7E77BAF91F0CCBD600DAE7D8 /* Debug */ = {
			isa = XCBuildConfiguration;
			buildSettings = {
				BUNDLE_LOADER = "$(TEST_HOST)";
				DEVELOPMENT_TEAM = Y5LKNM9758;
				INFOPLIST_FILE = WYGColorChangeTests/Info.plist;
				LD_RUNPATH_SEARCH_PATHS = "$(inherited) @executable_path/Frameworks @loader_path/Frameworks";
				PRODUCT_BUNDLE_IDENTIFIER = com.aabox.WYGColorChangeTests;
				PRODUCT_NAME = "$(TARGET_NAME)";
				TEST_HOST = "$(BUILT_PRODUCTS_DIR)/WYGColorChange.app/WYGColorChange";
			};
			name = Debug;
		};
		7E77BAFA1F0CCBD600DAE7D8 /* Release */ = {
			isa = XCBuildConfiguration;
			buildSettings = {
				BUNDLE_LOADER = "$(TEST_HOST)";
				DEVELOPMENT_TEAM = Y5LKNM9758;
				INFOPLIST_FILE = WYGColorChangeTests/Info.plist;
				LD_RUNPATH_SEARCH_PATHS = "$(inherited) @executable_path/Frameworks @loader_path/Frameworks";
				PRODUCT_BUNDLE_IDENTIFIER = com.aabox.WYGColorChangeTests;
				PRODUCT_NAME = "$(TARGET_NAME)";
				TEST_HOST = "$(BUILT_PRODUCTS_DIR)/WYGColorChange.app/WYGColorChange";
			};
			name = Release;
		};
		7E77BAFC1F0CCBD600DAE7D8 /* Debug */ = {
			isa = XCBuildConfiguration;
			buildSettings = {
				DEVELOPMENT_TEAM = Y5LKNM9758;
				INFOPLIST_FILE = WYGColorChangeUITests/Info.plist;
				LD_RUNPATH_SEARCH_PATHS = "$(inherited) @executable_path/Frameworks @loader_path/Frameworks";
				PRODUCT_BUNDLE_IDENTIFIER = com.aabox.WYGColorChangeUITests;
				PRODUCT_NAME = "$(TARGET_NAME)";
				TEST_TARGET_NAME = WYGColorChange;
			};
			name = Debug;
		};
		7E77BAFD1F0CCBD600DAE7D8 /* Release */ = {
			isa = XCBuildConfiguration;
			buildSettings = {
				DEVELOPMENT_TEAM = Y5LKNM9758;
				INFOPLIST_FILE = WYGColorChangeUITests/Info.plist;
				LD_RUNPATH_SEARCH_PATHS = "$(inherited) @executable_path/Frameworks @loader_path/Frameworks";
				PRODUCT_BUNDLE_IDENTIFIER = com.aabox.WYGColorChangeUITests;
				PRODUCT_NAME = "$(TARGET_NAME)";
				TEST_TARGET_NAME = WYGColorChange;
			};
			name = Release;
		};
/* End XCBuildConfiguration section */

/* Begin XCConfigurationList section */
		7E77BAC31F0CCBD600DAE7D8 /* Build configuration list for PBXProject "WYGColorChange" */ = {
			isa = XCConfigurationList;
			buildConfigurations = (
				7E77BAF31F0CCBD600DAE7D8 /* Debug */,
				7E77BAF41F0CCBD600DAE7D8 /* Release */,
			);
			defaultConfigurationIsVisible = 0;
			defaultConfigurationName = Release;
		};
		7E77BAF51F0CCBD600DAE7D8 /* Build configuration list for PBXNativeTarget "WYGColorChange" */ = {
			isa = XCConfigurationList;
			buildConfigurations = (
				7E77BAF61F0CCBD600DAE7D8 /* Debug */,
				7E77BAF71F0CCBD600DAE7D8 /* Release */,
			);
			defaultConfigurationIsVisible = 0;
			defaultConfigurationName = Release;
		};
		7E77BAF81F0CCBD600DAE7D8 /* Build configuration list for PBXNativeTarget "WYGColorChangeTests" */ = {
			isa = XCConfigurationList;
			buildConfigurations = (
				7E77BAF91F0CCBD600DAE7D8 /* Debug */,
				7E77BAFA1F0CCBD600DAE7D8 /* Release */,
			);
			defaultConfigurationIsVisible = 0;
			defaultConfigurationName = Release;
		};
		7E77BAFB1F0CCBD600DAE7D8 /* Build configuration list for PBXNativeTarget "WYGColorChangeUITests" */ = {
			isa = XCConfigurationList;
			buildConfigurations = (
				7E77BAFC1F0CCBD600DAE7D8 /* Debug */,
				7E77BAFD1F0CCBD600DAE7D8 /* Release */,
			);
			defaultConfigurationIsVisible = 0;
			defaultConfigurationName = Release;
		};
/* End XCConfigurationList section */
	};
	rootObject = 7E77BAC01F0CCBD600DAE7D8 /* Project object */;
}
